
Microsoft Visual Studio Solution File, Format Version 12.00
# Visual Studio Version 16
VisualStudioVersion = 16.0.31129.286
MinimumVisualStudioVersion = 10.0.40219.1
Project("{9A19103F-16F7-4668-BE54-9A1E7A4F7556}") = "pilasUmg", "pilasUmg\pilasUmg.csproj", "{5D796DFE-3170-4D49-8CAB-4AE9CE6B58BB}"
EndProject
Global
	GlobalSection(SolutionConfigurationPlatforms) = preSolution
		Debug|Any CPU = Debug|Any CPU
		Release|Any CPU = Release|Any CPU
	EndGlobalSection
	GlobalSection(ProjectConfigurationPlatforms) = postSolution
		{5D796DFE-3170-4D49-8CAB-4AE9CE6B58BB}.Debug|Any CPU.ActiveCfg = Debug|Any CPU
		{5D796DFE-3170-4D49-8CAB-4AE9CE6B58BB}.Debug|Any CPU.Build.0 = Debug|Any CPU
		{5D796DFE-3170-4D49-8CAB-4AE9CE6B58BB}.Release|Any CPU.ActiveCfg = Release|Any CPU
		{5D796DFE-3170-4D49-8CAB-4AE9CE6B58BB}.Release|Any CPU.Build.0 = Release|Any CPU
	EndGlobalSection
	GlobalSection(SolutionProperties) = preSolution
		HideSolutionNode = FALSE
	EndGlobalSection
	GlobalSection(ExtensibilityGlobals) = postSolution
		SolutionGuid = {7D05823A-7221-4130-B9BE-BB48D0F57DFB}
	EndGlobalSection
EndGlobal
